
Microsoft Visual Studio Solution File, Format Version 12.00
# Visual Studio Version 16
VisualStudioVersion = 16.6.30114.105
MinimumVisualStudioVersion = 10.0.40219.1
Project("{2150E333-8FDC-42A3-9474-1A3956D46DE8}") = "src", "src", "{3EE70FAC-188B-47AE-9BB5-8C5617CFFBC5}"
EndProject
Project("{FAE04EC0-301F-11D3-BF4B-00C04F79EFBC}") = "NetGraphQL.GraphQL", "src\NetGraphQL.GraphQL\NetGraphQL.GraphQL.csproj", "{F1846E74-2A30-49F3-A326-342891D29371}"
EndProject
Project("{FAE04EC0-301F-11D3-BF4B-00C04F79EFBC}") = "NetGraphQL.Web", "src\NetGraphQL.Web\NetGraphQL.Web.csproj", "{A9AE6ADD-D5B4-4E96-9295-4D0D17935C13}"
EndProject
Project("{FAE04EC0-301F-11D3-BF4B-00C04F79EFBC}") = "NetGraphQL.Shared", "src\NetGraphQL.Shared\NetGraphQL.Shared.csproj", "{B3794185-612C-4974-BCFD-EFEB80B20C8D}"
EndProject
Global
	GlobalSection(SolutionConfigurationPlatforms) = preSolution
		Debug|Any CPU = Debug|Any CPU
		Debug|x64 = Debug|x64
		Debug|x86 = Debug|x86
		Release|Any CPU = Release|Any CPU
		Release|x64 = Release|x64
		Release|x86 = Release|x86
	EndGlobalSection
	GlobalSection(SolutionProperties) = preSolution
		HideSolutionNode = FALSE
	EndGlobalSection
	GlobalSection(ProjectConfigurationPlatforms) = postSolution
		{F1846E74-2A30-49F3-A326-342891D29371}.Debug|Any CPU.ActiveCfg = Debug|Any CPU
		{F1846E74-2A30-49F3-A326-342891D29371}.Debug|Any CPU.Build.0 = Debug|Any CPU
		{F1846E74-2A30-49F3-A326-342891D29371}.Debug|x64.ActiveCfg = Debug|Any CPU
		{F1846E74-2A30-49F3-A326-342891D29371}.Debug|x64.Build.0 = Debug|Any CPU
		{F1846E74-2A30-49F3-A326-342891D29371}.Debug|x86.ActiveCfg = Debug|Any CPU
		{F1846E74-2A30-49F3-A326-342891D29371}.Debug|x86.Build.0 = Debug|Any CPU
		{F1846E74-2A30-49F3-A326-342891D29371}.Release|Any CPU.ActiveCfg = Release|Any CPU
		{F1846E74-2A30-49F3-A326-342891D29371}.Release|Any CPU.Build.0 = Release|Any CPU
		{F1846E74-2A30-49F3-A326-342891D29371}.Release|x64.ActiveCfg = Release|Any CPU
		{F1846E74-2A30-49F3-A326-342891D29371}.Release|x64.Build.0 = Release|Any CPU
		{F1846E74-2A30-49F3-A326-342891D29371}.Release|x86.ActiveCfg = Release|Any CPU
		{F1846E74-2A30-49F3-A326-342891D29371}.Release|x86.Build.0 = Release|Any CPU
		{A9AE6ADD-D5B4-4E96-9295-4D0D17935C13}.Debug|Any CPU.ActiveCfg = Debug|Any CPU
		{A9AE6ADD-D5B4-4E96-9295-4D0D17935C13}.Debug|Any CPU.Build.0 = Debug|Any CPU
		{A9AE6ADD-D5B4-4E96-9295-4D0D17935C13}.Debug|x64.ActiveCfg = Debug|Any CPU
		{A9AE6ADD-D5B4-4E96-9295-4D0D17935C13}.Debug|x64.Build.0 = Debug|Any CPU
		{A9AE6ADD-D5B4-4E96-9295-4D0D17935C13}.Debug|x86.ActiveCfg = Debug|Any CPU
		{A9AE6ADD-D5B4-4E96-9295-4D0D17935C13}.Debug|x86.Build.0 = Debug|Any CPU
		{A9AE6ADD-D5B4-4E96-9295-4D0D17935C13}.Release|Any CPU.ActiveCfg = Release|Any CPU
		{A9AE6ADD-D5B4-4E96-9295-4D0D17935C13}.Release|Any CPU.Build.0 = Release|Any CPU
		{A9AE6ADD-D5B4-4E96-9295-4D0D17935C13}.Release|x64.ActiveCfg = Release|Any CPU
		{A9AE6ADD-D5B4-4E96-9295-4D0D17935C13}.Release|x64.Build.0 = Release|Any CPU
		{A9AE6ADD-D5B4-4E96-9295-4D0D17935C13}.Release|x86.ActiveCfg = Release|Any CPU
		{A9AE6ADD-D5B4-4E96-9295-4D0D17935C13}.Release|x86.Build.0 = Release|Any CPU
		{B3794185-612C-4974-BCFD-EFEB80B20C8D}.Debug|Any CPU.ActiveCfg = Debug|Any CPU
		{B3794185-612C-4974-BCFD-EFEB80B20C8D}.Debug|Any CPU.Build.0 = Debug|Any CPU
		{B3794185-612C-4974-BCFD-EFEB80B20C8D}.Debug|x64.ActiveCfg = Debug|Any CPU
		{B3794185-612C-4974-BCFD-EFEB80B20C8D}.Debug|x64.Build.0 = Debug|Any CPU
		{B3794185-612C-4974-BCFD-EFEB80B20C8D}.Debug|x86.ActiveCfg = Debug|Any CPU
		{B3794185-612C-4974-BCFD-EFEB80B20C8D}.Debug|x86.Build.0 = Debug|Any CPU
		{B3794185-612C-4974-BCFD-EFEB80B20C8D}.Release|Any CPU.ActiveCfg = Release|Any CPU
		{B3794185-612C-4974-BCFD-EFEB80B20C8D}.Release|Any CPU.Build.0 = Release|Any CPU
		{B3794185-612C-4974-BCFD-EFEB80B20C8D}.Release|x64.ActiveCfg = Release|Any CPU
		{B3794185-612C-4974-BCFD-EFEB80B20C8D}.Release|x64.Build.0 = Release|Any CPU
		{B3794185-612C-4974-BCFD-EFEB80B20C8D}.Release|x86.ActiveCfg = Release|Any CPU
		{B3794185-612C-4974-BCFD-EFEB80B20C8D}.Release|x86.Build.0 = Release|Any CPU
	EndGlobalSection
	GlobalSection(NestedProjects) = preSolution
		{F1846E74-2A30-49F3-A326-342891D29371} = {3EE70FAC-188B-47AE-9BB5-8C5617CFFBC5}
		{A9AE6ADD-D5B4-4E96-9295-4D0D17935C13} = {3EE70FAC-188B-47AE-9BB5-8C5617CFFBC5}
		{B3794185-612C-4974-BCFD-EFEB80B20C8D} = {3EE70FAC-188B-47AE-9BB5-8C5617CFFBC5}
	EndGlobalSection
EndGlobal
